// !$*UTF8*$!
{
	archiveVersion = 1;
	classes = {
	};
	objectVersion = 51;
	objects = {

/* Begin PBXBuildFile section */
		1687F1ABE2F11962117A7448 /* Pods_NIBM_Covid_19Tests.framework in Frameworks */ = {isa = PBXBuildFile; fileRef = AEED8566BCB36095A2C5C12D /* Pods_NIBM_Covid_19Tests.framework */; };
		27313CE3250800C9001BBE2A /* AuthButtonUIButton.swift in Sources */ = {isa = PBXBuildFile; fileRef = 27313CE1250800C6001BBE2A /* AuthButtonUIButton.swift */; };
		27313CE4250800C9001BBE2A /* SettingsTableViewCell.swift in Sources */ = {isa = PBXBuildFile; fileRef = 27313CE2250800C9001BBE2A /* SettingsTableViewCell.swift */; };
		27313CEA25080325001BBE2A /* extension.swift in Sources */ = {isa = PBXBuildFile; fileRef = 27313CE925080325001BBE2A /* extension.swift */; };
		27313CEF250805E9001BBE2A /* LoginViewController.swift in Sources */ = {isa = PBXBuildFile; fileRef = 27313CEC250805E4001BBE2A /* LoginViewController.swift */; };
		27313CF0250805E9001BBE2A /* MainViewController.swift in Sources */ = {isa = PBXBuildFile; fileRef = 27313CED250805E7001BBE2A /* MainViewController.swift */; };
		27313CF1250805E9001BBE2A /* SignUpViewController.swift in Sources */ = {isa = PBXBuildFile; fileRef = 27313CEE250805E9001BBE2A /* SignUpViewController.swift */; };
		27E0EFE82507DF1800F7C807 /* AppDelegate.swift in Sources */ = {isa = PBXBuildFile; fileRef = 27E0EFE72507DF1800F7C807 /* AppDelegate.swift */; };
		27E0EFEC2507DF1800F7C807 /* ViewController.swift in Sources */ = {isa = PBXBuildFile; fileRef = 27E0EFEB2507DF1800F7C807 /* ViewController.swift */; };
		27E0EFF12507DF1B00F7C807 /* Assets.xcassets in Resources */ = {isa = PBXBuildFile; fileRef = 27E0EFF02507DF1B00F7C807 /* Assets.xcassets */; };
		27E0EFF42507DF1B00F7C807 /* LaunchScreen.storyboard in Resources */ = {isa = PBXBuildFile; fileRef = 27E0EFF22507DF1B00F7C807 /* LaunchScreen.storyboard */; };
		27E0EFFF2507DF1C00F7C807 /* NIBM_Covid_19Tests.swift in Sources */ = {isa = PBXBuildFile; fileRef = 27E0EFFE2507DF1C00F7C807 /* NIBM_Covid_19Tests.swift */; };
		27E0F00A2507DF1C00F7C807 /* NIBM_Covid_19UITests.swift in Sources */ = {isa = PBXBuildFile; fileRef = 27E0F0092507DF1C00F7C807 /* NIBM_Covid_19UITests.swift */; };
		27E0F0182507E37500F7C807 /* GoogleService-Info.plist in Resources */ = {isa = PBXBuildFile; fileRef = 27E0F0172507E37500F7C807 /* GoogleService-Info.plist */; };
		27EE7FF7250A8BCD00446905 /* SurveySecondViewController.swift in Sources */ = {isa = PBXBuildFile; fileRef = 27EE7FF2250A8BCB00446905 /* SurveySecondViewController.swift */; };
		27EE7FF8250A8BCD00446905 /* SurveyThirdViewController.swift in Sources */ = {isa = PBXBuildFile; fileRef = 27EE7FF3250A8BCC00446905 /* SurveyThirdViewController.swift */; };
		27EE7FF9250A8BCD00446905 /* SurveyFirstViewController.swift in Sources */ = {isa = PBXBuildFile; fileRef = 27EE7FF4250A8BCC00446905 /* SurveyFirstViewController.swift */; };
		27EE7FFA250A8BCD00446905 /* SurveyFourthViewController.swift in Sources */ = {isa = PBXBuildFile; fileRef = 27EE7FF5250A8BCD00446905 /* SurveyFourthViewController.swift */; };
		27EE7FFB250A8BCD00446905 /* SurveyFifthViewController.swift in Sources */ = {isa = PBXBuildFile; fileRef = 27EE7FF6250A8BCD00446905 /* SurveyFifthViewController.swift */; };
		27EE8001250A8BFA00446905 /* SettingsViewController.swift in Sources */ = {isa = PBXBuildFile; fileRef = 27EE7FFD250A8BF800446905 /* SettingsViewController.swift */; };
		27EE8002250A8BFA00446905 /* ProfileViewController.swift in Sources */ = {isa = PBXBuildFile; fileRef = 27EE7FFE250A8BF900446905 /* ProfileViewController.swift */; };
		27EE8003250A8BFA00446905 /* AboutUsViewController.swift in Sources */ = {isa = PBXBuildFile; fileRef = 27EE7FFF250A8BF900446905 /* AboutUsViewController.swift */; };
		27EE8004250A8BFA00446905 /* ShareViewController.swift in Sources */ = {isa = PBXBuildFile; fileRef = 27EE8000250A8BF900446905 /* ShareViewController.swift */; };
		27EE800A250A8C2000446905 /* TabBarViewController.swift in Sources */ = {isa = PBXBuildFile; fileRef = 27EE8007250A8C1F00446905 /* TabBarViewController.swift */; };
		27EE800B250A8C2000446905 /* TestHomeViewController.swift in Sources */ = {isa = PBXBuildFile; fileRef = 27EE8008250A8C2000446905 /* TestHomeViewController.swift */; };
		3CE80EE0C66FC8652C0FB5D4 /* Pods_NIBM_Covid_19_NIBM_Covid_19UITests.framework in Frameworks */ = {isa = PBXBuildFile; fileRef = 2DA7D375B5C0B549F288FB94 /* Pods_NIBM_Covid_19_NIBM_Covid_19UITests.framework */; };
		5045EC9FE8811BFBF87B0A6A /* Pods_NIBM_Covid_19.framework in Frameworks */ = {isa = PBXBuildFile; fileRef = 5CB10284A9D5BBEBF6850400 /* Pods_NIBM_Covid_19.framework */; };
		925F2AEA250BE49600C0DE41 /* NotUseMapViewController.swift in Sources */ = {isa = PBXBuildFile; fileRef = 925F2AE9250BE49600C0DE41 /* NotUseMapViewController.swift */; };
		925F2AEE250C7C2600C0DE41 /* UpdateViewController.swift in Sources */ = {isa = PBXBuildFile; fileRef = 925F2AED250C7C2600C0DE41 /* UpdateViewController.swift */; };
		92D947AA250CBAE600EAD672 /* Service.swift in Sources */ = {isa = PBXBuildFile; fileRef = 92D947A9250CBAE600EAD672 /* Service.swift */; };
		92D947AD250CBBEC00EAD672 /* User.swift in Sources */ = {isa = PBXBuildFile; fileRef = 92D947AC250CBBEC00EAD672 /* User.swift */; };
		92D947B7250CDE3D00EAD672 /* FullMapViewController.swift in Sources */ = {isa = PBXBuildFile; fileRef = 92D947B6250CDE3D00EAD672 /* FullMapViewController.swift */; };
		92D947C0250CDE7A00EAD672 /* LocationTableViewCell.swift in Sources */ = {isa = PBXBuildFile; fileRef = 92D947BD250CDE7900EAD672 /* LocationTableViewCell.swift */; };
		92D947C1250CDE7A00EAD672 /* LocationInputActivationUIView.swift in Sources */ = {isa = PBXBuildFile; fileRef = 92D947BE250CDE7A00EAD672 /* LocationInputActivationUIView.swift */; };
		92D947C4250CDF8500EAD672 /* UserAnnotation.swift in Sources */ = {isa = PBXBuildFile; fileRef = 92D947C2250CDF8400EAD672 /* UserAnnotation.swift */; };
		92D947C7250D45A300EAD672 /* HomeViewController.swift in Sources */ = {isa = PBXBuildFile; fileRef = 92D947C6250D45A300EAD672 /* HomeViewController.swift */; };
		92D947CB250D717600EAD672 /* loader.swift in Sources */ = {isa = PBXBuildFile; fileRef = 92D947CA250D717600EAD672 /* loader.swift */; };
		92D947CD250D727800EAD672 /* SafeActionsViewController.swift in Sources */ = {isa = PBXBuildFile; fileRef = 92D947CC250D727800EAD672 /* SafeActionsViewController.swift */; };
		92D947CF250E25E500EAD672 /* NotificationViewController.swift in Sources */ = {isa = PBXBuildFile; fileRef = 92D947CE250E25E500EAD672 /* NotificationViewController.swift */; };
		92D947D1250E2B4E00EAD672 /* NotificationTableViewCell.swift in Sources */ = {isa = PBXBuildFile; fileRef = 92D947D0250E2B4E00EAD672 /* NotificationTableViewCell.swift */; };
		92D947D3250E3DD300EAD672 /* Notification.swift in Sources */ = {isa = PBXBuildFile; fileRef = 92D947D2250E3DD300EAD672 /* Notification.swift */; };
		92D947D5250E89ED00EAD672 /* SwipingViewController.swift in Sources */ = {isa = PBXBuildFile; fileRef = 92D947D4250E89ED00EAD672 /* SwipingViewController.swift */; };
		92D947D7250E8FD500EAD672 /* SafeActionCell.swift in Sources */ = {isa = PBXBuildFile; fileRef = 92D947D6250E8FD400EAD672 /* SafeActionCell.swift */; };
		92D947DF250EB88100EAD672 /* LocationHandler.swift in Sources */ = {isa = PBXBuildFile; fileRef = 92D947DE250EB88100EAD672 /* LocationHandler.swift */; };
		92D947E1250EBA4D00EAD672 /* LocationInputView.swift in Sources */ = {isa = PBXBuildFile; fileRef = 92D947E0250EBA4D00EAD672 /* LocationInputView.swift */; };
/* End PBXBuildFile section */

/* Begin PBXContainerItemProxy section */
		27E0EFFB2507DF1C00F7C807 /* PBXContainerItemProxy */ = {
			isa = PBXContainerItemProxy;
			containerPortal = 27E0EFDC2507DF1800F7C807 /* Project object */;
			proxyType = 1;
			remoteGlobalIDString = 27E0EFE32507DF1800F7C807;
			remoteInfo = "NIBM Covid 19";
		};
		27E0F0062507DF1C00F7C807 /* PBXContainerItemProxy */ = {
			isa = PBXContainerItemProxy;
			containerPortal = 27E0EFDC2507DF1800F7C807 /* Project object */;
			proxyType = 1;
			remoteGlobalIDString = 27E0EFE32507DF1800F7C807;
			remoteInfo = "NIBM Covid 19";
		};
/* End PBXContainerItemProxy section */

/* Begin PBXFileReference section */
		09BA465E294A8EA5301CDD1D /* Pods-NIBM Covid 19.debug.xcconfig */ = {isa = PBXFileReference; includeInIndex = 1; lastKnownFileType = text.xcconfig; name = "Pods-NIBM Covid 19.debug.xcconfig"; path = "Target Support Files/Pods-NIBM Covid 19/Pods-NIBM Covid 19.debug.xcconfig"; sourceTree = "<group>"; };
		25EF32440991B0866F842690 /* Pods-NIBM Covid 19-NIBM Covid 19UITests.release.xcconfig */ = {isa = PBXFileReference; includeInIndex = 1; lastKnownFileType = text.xcconfig; name = "Pods-NIBM Covid 19-NIBM Covid 19UITests.release.xcconfig"; path = "Target Support Files/Pods-NIBM Covid 19-NIBM Covid 19UITests/Pods-NIBM Covid 19-NIBM Covid 19UITests.release.xcconfig"; sourceTree = "<group>"; };
		27313CE1250800C6001BBE2A /* AuthButtonUIButton.swift */ = {isa = PBXFileReference; fileEncoding = 4; lastKnownFileType = sourcecode.swift; path = AuthButtonUIButton.swift; sourceTree = "<group>"; };
		27313CE2250800C9001BBE2A /* SettingsTableViewCell.swift */ = {isa = PBXFileReference; fileEncoding = 4; lastKnownFileType = sourcecode.swift; path = SettingsTableViewCell.swift; sourceTree = "<group>"; };
		27313CE925080325001BBE2A /* extension.swift */ = {isa = PBXFileReference; lastKnownFileType = sourcecode.swift; path = extension.swift; sourceTree = "<group>"; };
		27313CEC250805E4001BBE2A /* LoginViewController.swift */ = {isa = PBXFileReference; fileEncoding = 4; lastKnownFileType = sourcecode.swift; path = LoginViewController.swift; sourceTree = "<group>"; };
		27313CED250805E7001BBE2A /* MainViewController.swift */ = {isa = PBXFileReference; fileEncoding = 4; lastKnownFileType = sourcecode.swift; path = MainViewController.swift; sourceTree = "<group>"; };
		27313CEE250805E9001BBE2A /* SignUpViewController.swift */ = {isa = PBXFileReference; fileEncoding = 4; lastKnownFileType = sourcecode.swift; path = SignUpViewController.swift; sourceTree = "<group>"; };
		27E0EFE42507DF1800F7C807 /* NIBM Covid 19.app */ = {isa = PBXFileReference; explicitFileType = wrapper.application; includeInIndex = 0; path = "NIBM Covid 19.app"; sourceTree = BUILT_PRODUCTS_DIR; };
		27E0EFE72507DF1800F7C807 /* AppDelegate.swift */ = {isa = PBXFileReference; lastKnownFileType = sourcecode.swift; path = AppDelegate.swift; sourceTree = "<group>"; };
		27E0EFEB2507DF1800F7C807 /* ViewController.swift */ = {isa = PBXFileReference; lastKnownFileType = sourcecode.swift; path = ViewController.swift; sourceTree = "<group>"; };
		27E0EFF02507DF1B00F7C807 /* Assets.xcassets */ = {isa = PBXFileReference; lastKnownFileType = folder.assetcatalog; path = Assets.xcassets; sourceTree = "<group>"; };
		27E0EFF32507DF1B00F7C807 /* Base */ = {isa = PBXFileReference; lastKnownFileType = file.storyboard; name = Base; path = Base.lproj/LaunchScreen.storyboard; sourceTree = "<group>"; };
		27E0EFF52507DF1B00F7C807 /* Info.plist */ = {isa = PBXFileReference; lastKnownFileType = text.plist.xml; path = Info.plist; sourceTree = "<group>"; };
		27E0EFFA2507DF1C00F7C807 /* NIBM Covid 19Tests.xctest */ = {isa = PBXFileReference; explicitFileType = wrapper.cfbundle; includeInIndex = 0; path = "NIBM Covid 19Tests.xctest"; sourceTree = BUILT_PRODUCTS_DIR; };
		27E0EFFE2507DF1C00F7C807 /* NIBM_Covid_19Tests.swift */ = {isa = PBXFileReference; lastKnownFileType = sourcecode.swift; path = NIBM_Covid_19Tests.swift; sourceTree = "<group>"; };
		27E0F0002507DF1C00F7C807 /* Info.plist */ = {isa = PBXFileReference; lastKnownFileType = text.plist.xml; path = Info.plist; sourceTree = "<group>"; };
		27E0F0052507DF1C00F7C807 /* NIBM Covid 19UITests.xctest */ = {isa = PBXFileReference; explicitFileType = wrapper.cfbundle; includeInIndex = 0; path = "NIBM Covid 19UITests.xctest"; sourceTree = BUILT_PRODUCTS_DIR; };
		27E0F0092507DF1C00F7C807 /* NIBM_Covid_19UITests.swift */ = {isa = PBXFileReference; lastKnownFileType = sourcecode.swift; path = NIBM_Covid_19UITests.swift; sourceTree = "<group>"; };
		27E0F00B2507DF1C00F7C807 /* Info.plist */ = {isa = PBXFileReference; lastKnownFileType = text.plist.xml; path = Info.plist; sourceTree = "<group>"; };
		27E0F0172507E37500F7C807 /* GoogleService-Info.plist */ = {isa = PBXFileReference; fileEncoding = 4; lastKnownFileType = text.plist.xml; path = "GoogleService-Info.plist"; sourceTree = "<group>"; };
		27EE7FF2250A8BCB00446905 /* SurveySecondViewController.swift */ = {isa = PBXFileReference; fileEncoding = 4; lastKnownFileType = sourcecode.swift; path = SurveySecondViewController.swift; sourceTree = "<group>"; };
		27EE7FF3250A8BCC00446905 /* SurveyThirdViewController.swift */ = {isa = PBXFileReference; fileEncoding = 4; lastKnownFileType = sourcecode.swift; path = SurveyThirdViewController.swift; sourceTree = "<group>"; };
		27EE7FF4250A8BCC00446905 /* SurveyFirstViewController.swift */ = {isa = PBXFileReference; fileEncoding = 4; lastKnownFileType = sourcecode.swift; path = SurveyFirstViewController.swift; sourceTree = "<group>"; };
		27EE7FF5250A8BCD00446905 /* SurveyFourthViewController.swift */ = {isa = PBXFileReference; fileEncoding = 4; lastKnownFileType = sourcecode.swift; path = SurveyFourthViewController.swift; sourceTree = "<group>"; };
		27EE7FF6250A8BCD00446905 /* SurveyFifthViewController.swift */ = {isa = PBXFileReference; fileEncoding = 4; lastKnownFileType = sourcecode.swift; path = SurveyFifthViewController.swift; sourceTree = "<group>"; };
		27EE7FFD250A8BF800446905 /* SettingsViewController.swift */ = {isa = PBXFileReference; fileEncoding = 4; lastKnownFileType = sourcecode.swift; path = SettingsViewController.swift; sourceTree = "<group>"; };
		27EE7FFE250A8BF900446905 /* ProfileViewController.swift */ = {isa = PBXFileReference; fileEncoding = 4; lastKnownFileType = sourcecode.swift; path = ProfileViewController.swift; sourceTree = "<group>"; };
		27EE7FFF250A8BF900446905 /* AboutUsViewController.swift */ = {isa = PBXFileReference; fileEncoding = 4; lastKnownFileType = sourcecode.swift; path = AboutUsViewController.swift; sourceTree = "<group>"; };
		27EE8000250A8BF900446905 /* ShareViewController.swift */ = {isa = PBXFileReference; fileEncoding = 4; lastKnownFileType = sourcecode.swift; path = ShareViewController.swift; sourceTree = "<group>"; };
		27EE8007250A8C1F00446905 /* TabBarViewController.swift */ = {isa = PBXFileReference; fileEncoding = 4; lastKnownFileType = sourcecode.swift; path = TabBarViewController.swift; sourceTree = "<group>"; };
		27EE8008250A8C2000446905 /* TestHomeViewController.swift */ = {isa = PBXFileReference; fileEncoding = 4; lastKnownFileType = sourcecode.swift; path = TestHomeViewController.swift; sourceTree = "<group>"; };
		2DA7D375B5C0B549F288FB94 /* Pods_NIBM_Covid_19_NIBM_Covid_19UITests.framework */ = {isa = PBXFileReference; explicitFileType = wrapper.framework; includeInIndex = 0; path = Pods_NIBM_Covid_19_NIBM_Covid_19UITests.framework; sourceTree = BUILT_PRODUCTS_DIR; };
		4A79E1A5B896914887843BDD /* Pods-NIBM Covid 19Tests.release.xcconfig */ = {isa = PBXFileReference; includeInIndex = 1; lastKnownFileType = text.xcconfig; name = "Pods-NIBM Covid 19Tests.release.xcconfig"; path = "Target Support Files/Pods-NIBM Covid 19Tests/Pods-NIBM Covid 19Tests.release.xcconfig"; sourceTree = "<group>"; };
		5065529AA932BB5539248FC5 /* Pods-NIBM Covid 19.release.xcconfig */ = {isa = PBXFileReference; includeInIndex = 1; lastKnownFileType = text.xcconfig; name = "Pods-NIBM Covid 19.release.xcconfig"; path = "Target Support Files/Pods-NIBM Covid 19/Pods-NIBM Covid 19.release.xcconfig"; sourceTree = "<group>"; };
		5CB10284A9D5BBEBF6850400 /* Pods_NIBM_Covid_19.framework */ = {isa = PBXFileReference; explicitFileType = wrapper.framework; includeInIndex = 0; path = Pods_NIBM_Covid_19.framework; sourceTree = BUILT_PRODUCTS_DIR; };
		925F2AE9250BE49600C0DE41 /* NotUseMapViewController.swift */ = {isa = PBXFileReference; lastKnownFileType = sourcecode.swift; path = NotUseMapViewController.swift; sourceTree = "<group>"; };
		925F2AED250C7C2600C0DE41 /* UpdateViewController.swift */ = {isa = PBXFileReference; lastKnownFileType = sourcecode.swift; path = UpdateViewController.swift; sourceTree = "<group>"; };
		92D947A9250CBAE600EAD672 /* Service.swift */ = {isa = PBXFileReference; lastKnownFileType = sourcecode.swift; path = Service.swift; sourceTree = "<group>"; };
		92D947AC250CBBEC00EAD672 /* User.swift */ = {isa = PBXFileReference; lastKnownFileType = sourcecode.swift; path = User.swift; sourceTree = "<group>"; };
		92D947B6250CDE3D00EAD672 /* FullMapViewController.swift */ = {isa = PBXFileReference; fileEncoding = 4; lastKnownFileType = sourcecode.swift; path = FullMapViewController.swift; sourceTree = "<group>"; };
		92D947BD250CDE7900EAD672 /* LocationTableViewCell.swift */ = {isa = PBXFileReference; fileEncoding = 4; lastKnownFileType = sourcecode.swift; path = LocationTableViewCell.swift; sourceTree = "<group>"; };
		92D947BE250CDE7A00EAD672 /* LocationInputActivationUIView.swift */ = {isa = PBXFileReference; fileEncoding = 4; lastKnownFileType = sourcecode.swift; path = LocationInputActivationUIView.swift; sourceTree = "<group>"; };
		92D947C2250CDF8400EAD672 /* UserAnnotation.swift */ = {isa = PBXFileReference; fileEncoding = 4; lastKnownFileType = sourcecode.swift; path = UserAnnotation.swift; sourceTree = "<group>"; };
		92D947C6250D45A300EAD672 /* HomeViewController.swift */ = {isa = PBXFileReference; lastKnownFileType = sourcecode.swift; path = HomeViewController.swift; sourceTree = "<group>"; };
		92D947CA250D717600EAD672 /* loader.swift */ = {isa = PBXFileReference; lastKnownFileType = sourcecode.swift; path = loader.swift; sourceTree = "<group>"; };
		92D947CC250D727800EAD672 /* SafeActionsViewController.swift */ = {isa = PBXFileReference; lastKnownFileType = sourcecode.swift; path = SafeActionsViewController.swift; sourceTree = "<group>"; };
		92D947CE250E25E500EAD672 /* NotificationViewController.swift */ = {isa = PBXFileReference; lastKnownFileType = sourcecode.swift; path = NotificationViewController.swift; sourceTree = "<group>"; };
		92D947D0250E2B4E00EAD672 /* NotificationTableViewCell.swift */ = {isa = PBXFileReference; lastKnownFileType = sourcecode.swift; path = NotificationTableViewCell.swift; sourceTree = "<group>"; };
		92D947D2250E3DD300EAD672 /* Notification.swift */ = {isa = PBXFileReference; lastKnownFileType = sourcecode.swift; path = Notification.swift; sourceTree = "<group>"; };
		92D947D4250E89ED00EAD672 /* SwipingViewController.swift */ = {isa = PBXFileReference; lastKnownFileType = sourcecode.swift; path = SwipingViewController.swift; sourceTree = "<group>"; };
		92D947D6250E8FD400EAD672 /* SafeActionCell.swift */ = {isa = PBXFileReference; lastKnownFileType = sourcecode.swift; path = SafeActionCell.swift; sourceTree = "<group>"; };
		92D947DE250EB88100EAD672 /* LocationHandler.swift */ = {isa = PBXFileReference; fileEncoding = 4; lastKnownFileType = sourcecode.swift; name = LocationHandler.swift; path = ../Service/LocationHandler.swift; sourceTree = "<group>"; };
		92D947E0250EBA4D00EAD672 /* LocationInputView.swift */ = {isa = PBXFileReference; lastKnownFileType = sourcecode.swift; path = LocationInputView.swift; sourceTree = "<group>"; };
		AEED8566BCB36095A2C5C12D /* Pods_NIBM_Covid_19Tests.framework */ = {isa = PBXFileReference; explicitFileType = wrapper.framework; includeInIndex = 0; path = Pods_NIBM_Covid_19Tests.framework; sourceTree = BUILT_PRODUCTS_DIR; };
		CC0D5BE4E337D46788CC45B8 /* Pods-NIBM Covid 19-NIBM Covid 19UITests.debug.xcconfig */ = {isa = PBXFileReference; includeInIndex = 1; lastKnownFileType = text.xcconfig; name = "Pods-NIBM Covid 19-NIBM Covid 19UITests.debug.xcconfig"; path = "Target Support Files/Pods-NIBM Covid 19-NIBM Covid 19UITests/Pods-NIBM Covid 19-NIBM Covid 19UITests.debug.xcconfig"; sourceTree = "<group>"; };
		E53F7052F8CA6228FEB9E185 /* Pods-NIBM Covid 19Tests.debug.xcconfig */ = {isa = PBXFileReference; includeInIndex = 1; lastKnownFileType = text.xcconfig; name = "Pods-NIBM Covid 19Tests.debug.xcconfig"; path = "Target Support Files/Pods-NIBM Covid 19Tests/Pods-NIBM Covid 19Tests.debug.xcconfig"; sourceTree = "<group>"; };
/* End PBXFileReference section */

/* Begin PBXFrameworksBuildPhase section */
		27E0EFE12507DF1800F7C807 /* Frameworks */ = {
			isa = PBXFrameworksBuildPhase;
			buildActionMask = 2147483647;
			files = (
				5045EC9FE8811BFBF87B0A6A /* Pods_NIBM_Covid_19.framework in Frameworks */,
			);
			runOnlyForDeploymentPostprocessing = 0;
		};
		27E0EFF72507DF1C00F7C807 /* Frameworks */ = {
			isa = PBXFrameworksBuildPhase;
			buildActionMask = 2147483647;
			files = (
				1687F1ABE2F11962117A7448 /* Pods_NIBM_Covid_19Tests.framework in Frameworks */,
			);
			runOnlyForDeploymentPostprocessing = 0;
		};
		27E0F0022507DF1C00F7C807 /* Frameworks */ = {
			isa = PBXFrameworksBuildPhase;
			buildActionMask = 2147483647;
			files = (
				3CE80EE0C66FC8652C0FB5D4 /* Pods_NIBM_Covid_19_NIBM_Covid_19UITests.framework in Frameworks */,
			);
			runOnlyForDeploymentPostprocessing = 0;
		};
/* End PBXFrameworksBuildPhase section */

/* Begin PBXGroup section */
		27313CE0250800A6001BBE2A /* Views */ = {
			isa = PBXGroup;
			children = (
				92D947BE250CDE7A00EAD672 /* LocationInputActivationUIView.swift */,
				92D947BD250CDE7900EAD672 /* LocationTableViewCell.swift */,
				27313CE1250800C6001BBE2A /* AuthButtonUIButton.swift */,
				27313CE2250800C9001BBE2A /* SettingsTableViewCell.swift */,
				92D947D0250E2B4E00EAD672 /* NotificationTableViewCell.swift */,
				92D947D6250E8FD400EAD672 /* SafeActionCell.swift */,
				92D947E0250EBA4D00EAD672 /* LocationInputView.swift */,
			);
			path = Views;
			sourceTree = "<group>";
		};
		27313CE5250800E4001BBE2A /* Controllers */ = {
			isa = PBXGroup;
			children = (
				27EE8005250A8C0500446905 /* Home */,
				27EE7FFC250A8BDA00446905 /* Settings */,
				27EE7FF1250A8B9800446905 /* Survey */,
				27313CEB250805D1001BBE2A /* Auth */,
			);
			path = Controllers;
			sourceTree = "<group>";
		};
		27313CE625080102001BBE2A /* Utils */ = {
			isa = PBXGroup;
			children = (
				92D947DE250EB88100EAD672 /* LocationHandler.swift */,
				27313CE925080325001BBE2A /* extension.swift */,
			);
			path = Utils;
			sourceTree = "<group>";
		};
		27313CEB250805D1001BBE2A /* Auth */ = {
			isa = PBXGroup;
			children = (
				27313CEC250805E4001BBE2A /* LoginViewController.swift */,
				27313CED250805E7001BBE2A /* MainViewController.swift */,
				27313CEE250805E9001BBE2A /* SignUpViewController.swift */,
			);
			path = Auth;
			sourceTree = "<group>";
		};
		27E0EFDB2507DF1800F7C807 = {
			isa = PBXGroup;
			children = (
				27E0EFE62507DF1800F7C807 /* NIBM Covid 19 */,
				27E0EFFD2507DF1C00F7C807 /* NIBM Covid 19Tests */,
				27E0F0082507DF1C00F7C807 /* NIBM Covid 19UITests */,
				27E0EFE52507DF1800F7C807 /* Products */,
				A889EDC9170B530C941A4A84 /* Pods */,
				F6AEEC14834FAF4F9F6DC7E5 /* Frameworks */,
			);
			sourceTree = "<group>";
		};
		27E0EFE52507DF1800F7C807 /* Products */ = {
			isa = PBXGroup;
			children = (
				27E0EFE42507DF1800F7C807 /* NIBM Covid 19.app */,
				27E0EFFA2507DF1C00F7C807 /* NIBM Covid 19Tests.xctest */,
				27E0F0052507DF1C00F7C807 /* NIBM Covid 19UITests.xctest */,
			);
			name = Products;
			sourceTree = "<group>";
		};
		27E0EFE62507DF1800F7C807 /* NIBM Covid 19 */ = {
			isa = PBXGroup;
			children = (
				92D947AB250CBBDB00EAD672 /* Models */,
				92D947A8250CBAC200EAD672 /* Service */,
				27313CE625080102001BBE2A /* Utils */,
				27313CE5250800E4001BBE2A /* Controllers */,
				27313CE0250800A6001BBE2A /* Views */,
				27E0EFE72507DF1800F7C807 /* AppDelegate.swift */,
				27E0EFEB2507DF1800F7C807 /* ViewController.swift */,
				27E0EFF02507DF1B00F7C807 /* Assets.xcassets */,
				27E0EFF22507DF1B00F7C807 /* LaunchScreen.storyboard */,
				27E0F0172507E37500F7C807 /* GoogleService-Info.plist */,
				27E0EFF52507DF1B00F7C807 /* Info.plist */,
			);
			path = "NIBM Covid 19";
			sourceTree = "<group>";
		};
		27E0EFFD2507DF1C00F7C807 /* NIBM Covid 19Tests */ = {
			isa = PBXGroup;
			children = (
				27E0EFFE2507DF1C00F7C807 /* NIBM_Covid_19Tests.swift */,
				27E0F0002507DF1C00F7C807 /* Info.plist */,
			);
			path = "NIBM Covid 19Tests";
			sourceTree = "<group>";
		};
		27E0F0082507DF1C00F7C807 /* NIBM Covid 19UITests */ = {
			isa = PBXGroup;
			children = (
				27E0F0092507DF1C00F7C807 /* NIBM_Covid_19UITests.swift */,
				27E0F00B2507DF1C00F7C807 /* Info.plist */,
			);
			path = "NIBM Covid 19UITests";
			sourceTree = "<group>";
		};
		27EE7FF1250A8B9800446905 /* Survey */ = {
			isa = PBXGroup;
			children = (
				27EE7FF6250A8BCD00446905 /* SurveyFifthViewController.swift */,
				27EE7FF4250A8BCC00446905 /* SurveyFirstViewController.swift */,
				27EE7FF5250A8BCD00446905 /* SurveyFourthViewController.swift */,
				27EE7FF2250A8BCB00446905 /* SurveySecondViewController.swift */,
				27EE7FF3250A8BCC00446905 /* SurveyThirdViewController.swift */,
			);
			path = Survey;
			sourceTree = "<group>";
		};
		27EE7FFC250A8BDA00446905 /* Settings */ = {
			isa = PBXGroup;
			children = (
				27EE7FFF250A8BF900446905 /* AboutUsViewController.swift */,
				27EE7FFE250A8BF900446905 /* ProfileViewController.swift */,
				27EE7FFD250A8BF800446905 /* SettingsViewController.swift */,
				27EE8000250A8BF900446905 /* ShareViewController.swift */,
			);
			path = Settings;
			sourceTree = "<group>";
		};
		27EE8005250A8C0500446905 /* Home */ = {
			isa = PBXGroup;
			children = (
				92D947B6250CDE3D00EAD672 /* FullMapViewController.swift */,
				27EE8007250A8C1F00446905 /* TabBarViewController.swift */,
				27EE8008250A8C2000446905 /* TestHomeViewController.swift */,
				925F2AE9250BE49600C0DE41 /* NotUseMapViewController.swift */,
				925F2AED250C7C2600C0DE41 /* UpdateViewController.swift */,
				92D947C6250D45A300EAD672 /* HomeViewController.swift */,
				92D947CC250D727800EAD672 /* SafeActionsViewController.swift */,
				92D947CE250E25E500EAD672 /* NotificationViewController.swift */,
				92D947D4250E89ED00EAD672 /* SwipingViewController.swift */,
			);
			path = Home;
			sourceTree = "<group>";
		};
		92D947A8250CBAC200EAD672 /* Service */ = {
			isa = PBXGroup;
			children = (
				92D947A9250CBAE600EAD672 /* Service.swift */,
			);
			path = Service;
			sourceTree = "<group>";
		};
		92D947AB250CBBDB00EAD672 /* Models */ = {
			isa = PBXGroup;
			children = (
				92D947AC250CBBEC00EAD672 /* User.swift */,
				92D947C2250CDF8400EAD672 /* UserAnnotation.swift */,
				92D947CA250D717600EAD672 /* loader.swift */,
				92D947D2250E3DD300EAD672 /* Notification.swift */,
			);
			path = Models;
			sourceTree = "<group>";
		};
		A889EDC9170B530C941A4A84 /* Pods */ = {
			isa = PBXGroup;
			children = (
				09BA465E294A8EA5301CDD1D /* Pods-NIBM Covid 19.debug.xcconfig */,
				5065529AA932BB5539248FC5 /* Pods-NIBM Covid 19.release.xcconfig */,
				CC0D5BE4E337D46788CC45B8 /* Pods-NIBM Covid 19-NIBM Covid 19UITests.debug.xcconfig */,
				25EF32440991B0866F842690 /* Pods-NIBM Covid 19-NIBM Covid 19UITests.release.xcconfig */,
				E53F7052F8CA6228FEB9E185 /* Pods-NIBM Covid 19Tests.debug.xcconfig */,
				4A79E1A5B896914887843BDD /* Pods-NIBM Covid 19Tests.release.xcconfig */,
			);
			path = Pods;
			sourceTree = "<group>";
		};
		F6AEEC14834FAF4F9F6DC7E5 /* Frameworks */ = {
			isa = PBXGroup;
			children = (
				5CB10284A9D5BBEBF6850400 /* Pods_NIBM_Covid_19.framework */,
				2DA7D375B5C0B549F288FB94 /* Pods_NIBM_Covid_19_NIBM_Covid_19UITests.framework */,
				AEED8566BCB36095A2C5C12D /* Pods_NIBM_Covid_19Tests.framework */,
			);
			name = Frameworks;
			sourceTree = "<group>";
		};
/* End PBXGroup section */

/* Begin PBXNativeTarget section */
		27E0EFE32507DF1800F7C807 /* NIBM Covid 19 */ = {
			isa = PBXNativeTarget;
			buildConfigurationList = 27E0F00E2507DF1C00F7C807 /* Build configuration list for PBXNativeTarget "NIBM Covid 19" */;
			buildPhases = (
				B509719D80AE78DCF49E979C /* [CP] Check Pods Manifest.lock */,
				27E0EFE02507DF1800F7C807 /* Sources */,
				27E0EFE12507DF1800F7C807 /* Frameworks */,
				27E0EFE22507DF1800F7C807 /* Resources */,
				2B15E4DC657AA08C34CB7969 /* [CP] Embed Pods Frameworks */,
			);
			buildRules = (
			);
			dependencies = (
			);
			name = "NIBM Covid 19";
			productName = "NIBM Covid 19";
			productReference = 27E0EFE42507DF1800F7C807 /* NIBM Covid 19.app */;
			productType = "com.apple.product-type.application";
		};
		27E0EFF92507DF1C00F7C807 /* NIBM Covid 19Tests */ = {
			isa = PBXNativeTarget;
			buildConfigurationList = 27E0F0112507DF1C00F7C807 /* Build configuration list for PBXNativeTarget "NIBM Covid 19Tests" */;
			buildPhases = (
				8B361EA1A59F5ECFEB518858 /* [CP] Check Pods Manifest.lock */,
				27E0EFF62507DF1C00F7C807 /* Sources */,
				27E0EFF72507DF1C00F7C807 /* Frameworks */,
				27E0EFF82507DF1C00F7C807 /* Resources */,
			);
			buildRules = (
			);
			dependencies = (
				27E0EFFC2507DF1C00F7C807 /* PBXTargetDependency */,
			);
			name = "NIBM Covid 19Tests";
			productName = "NIBM Covid 19Tests";
			productReference = 27E0EFFA2507DF1C00F7C807 /* NIBM Covid 19Tests.xctest */;
			productType = "com.apple.product-type.bundle.unit-test";
		};
		27E0F0042507DF1C00F7C807 /* NIBM Covid 19UITests */ = {
			isa = PBXNativeTarget;
			buildConfigurationList = 27E0F0142507DF1C00F7C807 /* Build configuration list for PBXNativeTarget "NIBM Covid 19UITests" */;
			buildPhases = (
				342870DC7BD909A56B1C0A7D /* [CP] Check Pods Manifest.lock */,
				27E0F0012507DF1C00F7C807 /* Sources */,
				27E0F0022507DF1C00F7C807 /* Frameworks */,
				27E0F0032507DF1C00F7C807 /* Resources */,
				9F6CE3800DE02C1720BC89F7 /* [CP] Embed Pods Frameworks */,
			);
			buildRules = (
			);
			dependencies = (
				27E0F0072507DF1C00F7C807 /* PBXTargetDependency */,
			);
			name = "NIBM Covid 19UITests";
			productName = "NIBM Covid 19UITests";
			productReference = 27E0F0052507DF1C00F7C807 /* NIBM Covid 19UITests.xctest */;
			productType = "com.apple.product-type.bundle.ui-testing";
		};
/* End PBXNativeTarget section */

/* Begin PBXProject section */
		27E0EFDC2507DF1800F7C807 /* Project object */ = {
			isa = PBXProject;
			attributes = {
				LastSwiftUpdateCheck = 1110;
				LastUpgradeCheck = 1110;
				ORGANIZATIONNAME = nibm;
				TargetAttributes = {
					27E0EFE32507DF1800F7C807 = {
						CreatedOnToolsVersion = 11.1;
					};
					27E0EFF92507DF1C00F7C807 = {
						CreatedOnToolsVersion = 11.1;
						TestTargetID = 27E0EFE32507DF1800F7C807;
					};
					27E0F0042507DF1C00F7C807 = {
						CreatedOnToolsVersion = 11.1;
						TestTargetID = 27E0EFE32507DF1800F7C807;
					};
				};
			};
			buildConfigurationList = 27E0EFDF2507DF1800F7C807 /* Build configuration list for PBXProject "NIBM Covid 19" */;
			compatibilityVersion = "Xcode 9.3";
			developmentRegion = en;
			hasScannedForEncodings = 0;
			knownRegions = (
				en,
				Base,
			);
			mainGroup = 27E0EFDB2507DF1800F7C807;
			productRefGroup = 27E0EFE52507DF1800F7C807 /* Products */;
			projectDirPath = "";
			projectRoot = "";
			targets = (
				27E0EFE32507DF1800F7C807 /* NIBM Covid 19 */,
				27E0EFF92507DF1C00F7C807 /* NIBM Covid 19Tests */,
				27E0F0042507DF1C00F7C807 /* NIBM Covid 19UITests */,
			);
		};
/* End PBXProject section */

/* Begin PBXResourcesBuildPhase section */
		27E0EFE22507DF1800F7C807 /* Resources */ = {
			isa = PBXResourcesBuildPhase;
			buildActionMask = 2147483647;
			files = (
				27E0EFF42507DF1B00F7C807 /* LaunchScreen.storyboard in Resources */,
				27E0F0182507E37500F7C807 /* GoogleService-Info.plist in Resources */,
				27E0EFF12507DF1B00F7C807 /* Assets.xcassets in Resources */,
			);
			runOnlyForDeploymentPostprocessing = 0;
		};
		27E0EFF82507DF1C00F7C807 /* Resources */ = {
			isa = PBXResourcesBuildPhase;
			buildActionMask = 2147483647;
			files = (
			);
			runOnlyForDeploymentPostprocessing = 0;
		};
		27E0F0032507DF1C00F7C807 /* Resources */ = {
			isa = PBXResourcesBuildPhase;
			buildActionMask = 2147483647;
			files = (
			);
			runOnlyForDeploymentPostprocessing = 0;
		};
/* End PBXResourcesBuildPhase section */

/* Begin PBXShellScriptBuildPhase section */
		2B15E4DC657AA08C34CB7969 /* [CP] Embed Pods Frameworks */ = {
			isa = PBXShellScriptBuildPhase;
			buildActionMask = 2147483647;
			files = (
			);
			inputFileListPaths = (
				"${PODS_ROOT}/Target Support Files/Pods-NIBM Covid 19/Pods-NIBM Covid 19-frameworks-${CONFIGURATION}-input-files.xcfilelist",
			);
			name = "[CP] Embed Pods Frameworks";
			outputFileListPaths = (
				"${PODS_ROOT}/Target Support Files/Pods-NIBM Covid 19/Pods-NIBM Covid 19-frameworks-${CONFIGURATION}-output-files.xcfilelist",
			);
			runOnlyForDeploymentPostprocessing = 0;
			shellPath = /bin/sh;
			shellScript = "\"${PODS_ROOT}/Target Support Files/Pods-NIBM Covid 19/Pods-NIBM Covid 19-frameworks.sh\"\n";
			showEnvVarsInLog = 0;
		};
		342870DC7BD909A56B1C0A7D /* [CP] Check Pods Manifest.lock */ = {
			isa = PBXShellScriptBuildPhase;
			buildActionMask = 2147483647;
			files = (
			);
			inputFileListPaths = (
			);
			inputPaths = (
				"${PODS_PODFILE_DIR_PATH}/Podfile.lock",
				"${PODS_ROOT}/Manifest.lock",
			);
			name = "[CP] Check Pods Manifest.lock";
			outputFileListPaths = (
			);
			outputPaths = (
				"$(DERIVED_FILE_DIR)/Pods-NIBM Covid 19-NIBM Covid 19UITests-checkManifestLockResult.txt",
			);
			runOnlyForDeploymentPostprocessing = 0;
			shellPath = /bin/sh;
			shellScript = "diff \"${PODS_PODFILE_DIR_PATH}/Podfile.lock\" \"${PODS_ROOT}/Manifest.lock\" > /dev/null\nif [ $? != 0 ] ; then\n    # print error to STDERR\n    echo \"error: The sandbox is not in sync with the Podfile.lock. Run 'pod install' or update your CocoaPods installation.\" >&2\n    exit 1\nfi\n# This output is used by Xcode 'outputs' to avoid re-running this script phase.\necho \"SUCCESS\" > \"${SCRIPT_OUTPUT_FILE_0}\"\n";
			showEnvVarsInLog = 0;
		};
		8B361EA1A59F5ECFEB518858 /* [CP] Check Pods Manifest.lock */ = {
			isa = PBXShellScriptBuildPhase;
			buildActionMask = 2147483647;
			files = (
			);
			inputFileListPaths = (
			);
			inputPaths = (
				"${PODS_PODFILE_DIR_PATH}/Podfile.lock",
				"${PODS_ROOT}/Manifest.lock",
			);
			name = "[CP] Check Pods Manifest.lock";
			outputFileListPaths = (
			);
			outputPaths = (
				"$(DERIVED_FILE_DIR)/Pods-NIBM Covid 19Tests-checkManifestLockResult.txt",
			);
			runOnlyForDeploymentPostprocessing = 0;
			shellPath = /bin/sh;
			shellScript = "diff \"${PODS_PODFILE_DIR_PATH}/Podfile.lock\" \"${PODS_ROOT}/Manifest.lock\" > /dev/null\nif [ $? != 0 ] ; then\n    # print error to STDERR\n    echo \"error: The sandbox is not in sync with the Podfile.lock. Run 'pod install' or update your CocoaPods installation.\" >&2\n    exit 1\nfi\n# This output is used by Xcode 'outputs' to avoid re-running this script phase.\necho \"SUCCESS\" > \"${SCRIPT_OUTPUT_FILE_0}\"\n";
			showEnvVarsInLog = 0;
		};
		9F6CE3800DE02C1720BC89F7 /* [CP] Embed Pods Frameworks */ = {
			isa = PBXShellScriptBuildPhase;
			buildActionMask = 2147483647;
			files = (
			);
			inputFileListPaths = (
				"${PODS_ROOT}/Target Support Files/Pods-NIBM Covid 19-NIBM Covid 19UITests/Pods-NIBM Covid 19-NIBM Covid 19UITests-frameworks-${CONFIGURATION}-input-files.xcfilelist",
			);
			name = "[CP] Embed Pods Frameworks";
			outputFileListPaths = (
				"${PODS_ROOT}/Target Support Files/Pods-NIBM Covid 19-NIBM Covid 19UITests/Pods-NIBM Covid 19-NIBM Covid 19UITests-frameworks-${CONFIGURATION}-output-files.xcfilelist",
			);
			runOnlyForDeploymentPostprocessing = 0;
			shellPath = /bin/sh;
			shellScript = "\"${PODS_ROOT}/Target Support Files/Pods-NIBM Covid 19-NIBM Covid 19UITests/Pods-NIBM Covid 19-NIBM Covid 19UITests-frameworks.sh\"\n";
			showEnvVarsInLog = 0;
		};
		B509719D80AE78DCF49E979C /* [CP] Check Pods Manifest.lock */ = {
			isa = PBXShellScriptBuildPhase;
			buildActionMask = 2147483647;
			files = (
			);
			inputFileListPaths = (
			);
			inputPaths = (
				"${PODS_PODFILE_DIR_PATH}/Podfile.lock",
				"${PODS_ROOT}/Manifest.lock",
			);
			name = "[CP] Check Pods Manifest.lock";
			outputFileListPaths = (
			);
			outputPaths = (
				"$(DERIVED_FILE_DIR)/Pods-NIBM Covid 19-checkManifestLockResult.txt",
			);
			runOnlyForDeploymentPostprocessing = 0;
			shellPath = /bin/sh;
			shellScript = "diff \"${PODS_PODFILE_DIR_PATH}/Podfile.lock\" \"${PODS_ROOT}/Manifest.lock\" > /dev/null\nif [ $? != 0 ] ; then\n    # print error to STDERR\n    echo \"error: The sandbox is not in sync with the Podfile.lock. Run 'pod install' or update your CocoaPods installation.\" >&2\n    exit 1\nfi\n# This output is used by Xcode 'outputs' to avoid re-running this script phase.\necho \"SUCCESS\" > \"${SCRIPT_OUTPUT_FILE_0}\"\n";
			showEnvVarsInLog = 0;
		};
/* End PBXShellScriptBuildPhase section */

/* Begin PBXSourcesBuildPhase section */
		27E0EFE02507DF1800F7C807 /* Sources */ = {
			isa = PBXSourcesBuildPhase;
			buildActionMask = 2147483647;
			files = (
				92D947B7250CDE3D00EAD672 /* FullMapViewController.swift in Sources */,
				92D947C7250D45A300EAD672 /* HomeViewController.swift in Sources */,
				92D947C0250CDE7A00EAD672 /* LocationTableViewCell.swift in Sources */,
				27EE7FFA250A8BCD00446905 /* SurveyFourthViewController.swift in Sources */,
				92D947AA250CBAE600EAD672 /* Service.swift in Sources */,
				27EE7FF8250A8BCD00446905 /* SurveyThirdViewController.swift in Sources */,
				27313CF0250805E9001BBE2A /* MainViewController.swift in Sources */,
				92D947DF250EB88100EAD672 /* LocationHandler.swift in Sources */,
				27313CEF250805E9001BBE2A /* LoginViewController.swift in Sources */,
				92D947E1250EBA4D00EAD672 /* LocationInputView.swift in Sources */,
				27313CF1250805E9001BBE2A /* SignUpViewController.swift in Sources */,
				92D947C1250CDE7A00EAD672 /* LocationInputActivationUIView.swift in Sources */,
				92D947D5250E89ED00EAD672 /* SwipingViewController.swift in Sources */,
				92D947CF250E25E500EAD672 /* NotificationViewController.swift in Sources */,
				27313CE3250800C9001BBE2A /* AuthButtonUIButton.swift in Sources */,
				27E0EFEC2507DF1800F7C807 /* ViewController.swift in Sources */,
				27EE7FFB250A8BCD00446905 /* SurveyFifthViewController.swift in Sources */,
				92D947CD250D727800EAD672 /* SafeActionsViewController.swift in Sources */,
				27EE8003250A8BFA00446905 /* AboutUsViewController.swift in Sources */,
				27EE7FF7250A8BCD00446905 /* SurveySecondViewController.swift in Sources */,
				92D947D3250E3DD300EAD672 /* Notification.swift in Sources */,
				925F2AEE250C7C2600C0DE41 /* UpdateViewController.swift in Sources */,
				92D947D1250E2B4E00EAD672 /* NotificationTableViewCell.swift in Sources */,
				27EE8001250A8BFA00446905 /* SettingsViewController.swift in Sources */,
				27313CE4250800C9001BBE2A /* SettingsTableViewCell.swift in Sources */,
				925F2AEA250BE49600C0DE41 /* NotUseMapViewController.swift in Sources */,
				27EE800A250A8C2000446905 /* TabBarViewController.swift in Sources */,
				92D947D7250E8FD500EAD672 /* SafeActionCell.swift in Sources */,
				27EE7FF9250A8BCD00446905 /* SurveyFirstViewController.swift in Sources */,
				27EE8002250A8BFA00446905 /* ProfileViewController.swift in Sources */,
				92D947C4250CDF8500EAD672 /* UserAnnotation.swift in Sources */,
				27313CEA25080325001BBE2A /* extension.swift in Sources */,
				92D947AD250CBBEC00EAD672 /* User.swift in Sources */,
				27E0EFE82507DF1800F7C807 /* AppDelegate.swift in Sources */,
				27EE8004250A8BFA00446905 /* ShareViewController.swift in Sources */,
				92D947CB250D717600EAD672 /* loader.swift in Sources */,
				27EE800B250A8C2000446905 /* TestHomeViewController.swift in Sources */,
			);
			runOnlyForDeploymentPostprocessing = 0;
		};
		27E0EFF62507DF1C00F7C807 /* Sources */ = {
			isa = PBXSourcesBuildPhase;
			buildActionMask = 2147483647;
			files = (
				27E0EFFF2507DF1C00F7C807 /* NIBM_Covid_19Tests.swift in Sources */,
			);
			runOnlyForDeploymentPostprocessing = 0;
		};
		27E0F0012507DF1C00F7C807 /* Sources */ = {
			isa = PBXSourcesBuildPhase;
			buildActionMask = 2147483647;
			files = (
				27E0F00A2507DF1C00F7C807 /* NIBM_Covid_19UITests.swift in Sources */,
			);
			runOnlyForDeploymentPostprocessing = 0;
		};
/* End PBXSourcesBuildPhase section */

/* Begin PBXTargetDependency section */
		27E0EFFC2507DF1C00F7C807 /* PBXTargetDependency */ = {
			isa = PBXTargetDependency;
			target = 27E0EFE32507DF1800F7C807 /* NIBM Covid 19 */;
			targetProxy = 27E0EFFB2507DF1C00F7C807 /* PBXContainerItemProxy */;
		};
		27E0F0072507DF1C00F7C807 /* PBXTargetDependency */ = {
			isa = PBXTargetDependency;
			target = 27E0EFE32507DF1800F7C807 /* NIBM Covid 19 */;
			targetProxy = 27E0F0062507DF1C00F7C807 /* PBXContainerItemProxy */;
		};
/* End PBXTargetDependency section */

/* Begin PBXVariantGroup section */
		27E0EFF22507DF1B00F7C807 /* LaunchScreen.storyboard */ = {
			isa = PBXVariantGroup;
			children = (
				27E0EFF32507DF1B00F7C807 /* Base */,
			);
			name = LaunchScreen.storyboard;
			sourceTree = "<group>";
		};
/* End PBXVariantGroup section */

/* Begin XCBuildConfiguration section */
		27E0F00C2507DF1C00F7C807 /* Debug */ = {
			isa = XCBuildConfiguration;
			buildSettings = {
				ALWAYS_SEARCH_USER_PATHS = NO;
				CLANG_ANALYZER_NONNULL = YES;
				CLANG_ANALYZER_NUMBER_OBJECT_CONVERSION = YES_AGGRESSIVE;
				CLANG_CXX_LANGUAGE_STANDARD = "gnu++14";
				CLANG_CXX_LIBRARY = "libc++";
				CLANG_ENABLE_MODULES = YES;
				CLANG_ENABLE_OBJC_ARC = YES;
				CLANG_ENABLE_OBJC_WEAK = YES;
				CLANG_WARN_BLOCK_CAPTURE_AUTORELEASING = YES;
				CLANG_WARN_BOOL_CONVERSION = YES;
				CLANG_WARN_COMMA = YES;
				CLANG_WARN_CONSTANT_CONVERSION = YES;
				CLANG_WARN_DEPRECATED_OBJC_IMPLEMENTATIONS = YES;
				CLANG_WARN_DIRECT_OBJC_ISA_USAGE = YES_ERROR;
				CLANG_WARN_DOCUMENTATION_COMMENTS = YES;
				CLANG_WARN_EMPTY_BODY = YES;
				CLANG_WARN_ENUM_CONVERSION = YES;
				CLANG_WARN_INFINITE_RECURSION = YES;
				CLANG_WARN_INT_CONVERSION = YES;
				CLANG_WARN_NON_LITERAL_NULL_CONVERSION = YES;
				CLANG_WARN_OBJC_IMPLICIT_RETAIN_SELF = YES;
				CLANG_WARN_OBJC_LITERAL_CONVERSION = YES;
				CLANG_WARN_OBJC_ROOT_CLASS = YES_ERROR;
				CLANG_WARN_RANGE_LOOP_ANALYSIS = YES;
				CLANG_WARN_STRICT_PROTOTYPES = YES;
				CLANG_WARN_SUSPICIOUS_MOVE = YES;
				CLANG_WARN_UNGUARDED_AVAILABILITY = YES_AGGRESSIVE;
				CLANG_WARN_UNREACHABLE_CODE = YES;
				CLANG_WARN__DUPLICATE_METHOD_MATCH = YES;
				COPY_PHASE_STRIP = NO;
				DEBUG_INFORMATION_FORMAT = dwarf;
				ENABLE_STRICT_OBJC_MSGSEND = YES;
				ENABLE_TESTABILITY = YES;
				GCC_C_LANGUAGE_STANDARD = gnu11;
				GCC_DYNAMIC_NO_PIC = NO;
				GCC_NO_COMMON_BLOCKS = YES;
				GCC_OPTIMIZATION_LEVEL = 0;
				GCC_PREPROCESSOR_DEFINITIONS = (
					"DEBUG=1",
					"$(inherited)",
				);
				GCC_WARN_64_TO_32_BIT_CONVERSION = YES;
				GCC_WARN_ABOUT_RETURN_TYPE = YES_ERROR;
				GCC_WARN_UNDECLARED_SELECTOR = YES;
				GCC_WARN_UNINITIALIZED_AUTOS = YES_AGGRESSIVE;
				GCC_WARN_UNUSED_FUNCTION = YES;
				GCC_WARN_UNUSED_VARIABLE = YES;
				IPHONEOS_DEPLOYMENT_TARGET = 13.1;
				MTL_ENABLE_DEBUG_INFO = INCLUDE_SOURCE;
				MTL_FAST_MATH = YES;
				ONLY_ACTIVE_ARCH = YES;
				SDKROOT = iphoneos;
				SWIFT_ACTIVE_COMPILATION_CONDITIONS = DEBUG;
				SWIFT_OPTIMIZATION_LEVEL = "-Onone";
			};
			name = Debug;
		};
		27E0F00D2507DF1C00F7C807 /* Release */ = {
			isa = XCBuildConfiguration;
			buildSettings = {
				ALWAYS_SEARCH_USER_PATHS = NO;
				CLANG_ANALYZER_NONNULL = YES;
				CLANG_ANALYZER_NUMBER_OBJECT_CONVERSION = YES_AGGRESSIVE;
				CLANG_CXX_LANGUAGE_STANDARD = "gnu++14";
				CLANG_CXX_LIBRARY = "libc++";
				CLANG_ENABLE_MODULES = YES;
				CLANG_ENABLE_OBJC_ARC = YES;
				CLANG_ENABLE_OBJC_WEAK = YES;
				CLANG_WARN_BLOCK_CAPTURE_AUTORELEASING = YES;
				CLANG_WARN_BOOL_CONVERSION = YES;
				CLANG_WARN_COMMA = YES;
				CLANG_WARN_CONSTANT_CONVERSION = YES;
				CLANG_WARN_DEPRECATED_OBJC_IMPLEMENTATIONS = YES;
				CLANG_WARN_DIRECT_OBJC_ISA_USAGE = YES_ERROR;
				CLANG_WARN_DOCUMENTATION_COMMENTS = YES;
				CLANG_WARN_EMPTY_BODY = YES;
				CLANG_WARN_ENUM_CONVERSION = YES;
				CLANG_WARN_INFINITE_RECURSION = YES;
				CLANG_WARN_INT_CONVERSION = YES;
				CLANG_WARN_NON_LITERAL_NULL_CONVERSION = YES;
				CLANG_WARN_OBJC_IMPLICIT_RETAIN_SELF = YES;
				CLANG_WARN_OBJC_LITERAL_CONVERSION = YES;
				CLANG_WARN_OBJC_ROOT_CLASS = YES_ERROR;
				CLANG_WARN_RANGE_LOOP_ANALYSIS = YES;
				CLANG_WARN_STRICT_PROTOTYPES = YES;
				CLANG_WARN_SUSPICIOUS_MOVE = YES;
				CLANG_WARN_UNGUARDED_AVAILABILITY = YES_AGGRESSIVE;
				CLANG_WARN_UNREACHABLE_CODE = YES;
				CLANG_WARN__DUPLICATE_METHOD_MATCH = YES;
				COPY_PHASE_STRIP = NO;
				DEBUG_INFORMATION_FORMAT = "dwarf-with-dsym";
				ENABLE_NS_ASSERTIONS = NO;
				ENABLE_STRICT_OBJC_MSGSEND = YES;
				GCC_C_LANGUAGE_STANDARD = gnu11;
				GCC_NO_COMMON_BLOCKS = YES;
				GCC_WARN_64_TO_32_BIT_CONVERSION = YES;
				GCC_WARN_ABOUT_RETURN_TYPE = YES_ERROR;
				GCC_WARN_UNDECLARED_SELECTOR = YES;
				GCC_WARN_UNINITIALIZED_AUTOS = YES_AGGRESSIVE;
				GCC_WARN_UNUSED_FUNCTION = YES;
				GCC_WARN_UNUSED_VARIABLE = YES;
				IPHONEOS_DEPLOYMENT_TARGET = 13.1;
				MTL_ENABLE_DEBUG_INFO = NO;
				MTL_FAST_MATH = YES;
				SDKROOT = iphoneos;
				SWIFT_COMPILATION_MODE = wholemodule;
				SWIFT_OPTIMIZATION_LEVEL = "-O";
				VALIDATE_PRODUCT = YES;
			};
			name = Release;
		};
		27E0F00F2507DF1C00F7C807 /* Debug */ = {
			isa = XCBuildConfiguration;
			baseConfigurationReference = 09BA465E294A8EA5301CDD1D /* Pods-NIBM Covid 19.debug.xcconfig */;
			buildSettings = {
				ASSETCATALOG_COMPILER_APPICON_NAME = AppIcon;
				CODE_SIGN_STYLE = Automatic;
				DEVELOPMENT_TEAM = 5TQK265AXN;
				INFOPLIST_FILE = "NIBM Covid 19/Info.plist";
				LD_RUNPATH_SEARCH_PATHS = (
					"$(inherited)",
					"@executable_path/Frameworks",
				);
				PRODUCT_BUNDLE_IDENTIFIER = "Buddhimal-cobsccomp191p-034.NIBM-Covid-19";
				PRODUCT_NAME = "$(TARGET_NAME)";
				SWIFT_VERSION = 5.0;
				TARGETED_DEVICE_FAMILY = "1,2";
			};
			name = Debug;
		};
		27E0F0102507DF1C00F7C807 /* Release */ = {
			isa = XCBuildConfiguration;
			baseConfigurationReference = 5065529AA932BB5539248FC5 /* Pods-NIBM Covid 19.release.xcconfig */;
			buildSettings = {
				ASSETCATALOG_COMPILER_APPICON_NAME = AppIcon;
				CODE_SIGN_STYLE = Automatic;
				DEVELOPMENT_TEAM = 5TQK265AXN;
				INFOPLIST_FILE = "NIBM Covid 19/Info.plist";
				LD_RUNPATH_SEARCH_PATHS = (
					"$(inherited)",
					"@executable_path/Frameworks",
				);
				PRODUCT_BUNDLE_IDENTIFIER = "Buddhimal-cobsccomp191p-034.NIBM-Covid-19";
				PRODUCT_NAME = "$(TARGET_NAME)";
				SWIFT_VERSION = 5.0;
				TARGETED_DEVICE_FAMILY = "1,2";
			};
			name = Release;
		};
		27E0F0122507DF1C00F7C807 /* Debug */ = {
			isa = XCBuildConfiguration;
			baseConfigurationReference = E53F7052F8CA6228FEB9E185 /* Pods-NIBM Covid 19Tests.debug.xcconfig */;
			buildSettings = {
				ALWAYS_EMBED_SWIFT_STANDARD_LIBRARIES = YES;
				BUNDLE_LOADER = "$(TEST_HOST)";
				CODE_SIGN_STYLE = Automatic;
				DEVELOPMENT_TEAM = 5TQK265AXN;
				INFOPLIST_FILE = "NIBM Covid 19Tests/Info.plist";
				IPHONEOS_DEPLOYMENT_TARGET = 13.1;
				LD_RUNPATH_SEARCH_PATHS = (
					"$(inherited)",
					"@executable_path/Frameworks",
					"@loader_path/Frameworks",
				);
				PRODUCT_BUNDLE_IDENTIFIER = "Buddhimal-cobsccomp191p-034.NIBM-Covid-19Tests";
				PRODUCT_NAME = "$(TARGET_NAME)";
				SWIFT_VERSION = 5.0;
				TARGETED_DEVICE_FAMILY = "1,2";
				TEST_HOST = "$(BUILT_PRODUCTS_DIR)/NIBM Covid 19.app/NIBM Covid 19";
			};
			name = Debug;
		};
		27E0F0132507DF1C00F7C807 /* Release */ = {
			isa = XCBuildConfiguration;
			baseConfigurationReference = 4A79E1A5B896914887843BDD /* Pods-NIBM Covid 19Tests.release.xcconfig */;
			buildSettings = {
				ALWAYS_EMBED_SWIFT_STANDARD_LIBRARIES = YES;
				BUNDLE_LOADER = "$(TEST_HOST)";
				CODE_SIGN_STYLE = Automatic;
				DEVELOPMENT_TEAM = 5TQK265AXN;
				INFOPLIST_FILE = "NIBM Covid 19Tests/Info.plist";
				IPHONEOS_DEPLOYMENT_TARGET = 13.1;
				LD_RUNPATH_SEARCH_PATHS = (
					"$(inherited)",
					"@executable_path/Frameworks",
					"@loader_path/Frameworks",
				);
				PRODUCT_BUNDLE_IDENTIFIER = "Buddhimal-cobsccomp191p-034.NIBM-Covid-19Tests";
				PRODUCT_NAME = "$(TARGET_NAME)";
				SWIFT_VERSION = 5.0;
				TARGETED_DEVICE_FAMILY = "1,2";
				TEST_HOST = "$(BUILT_PRODUCTS_DIR)/NIBM Covid 19.app/NIBM Covid 19";
			};
			name = Release;
		};
		27E0F0152507DF1C00F7C807 /* Debug */ = {
			isa = XCBuildConfiguration;
			baseConfigurationReference = CC0D5BE4E337D46788CC45B8 /* Pods-NIBM Covid 19-NIBM Covid 19UITests.debug.xcconfig */;
			buildSettings = {
				ALWAYS_EMBED_SWIFT_STANDARD_LIBRARIES = YES;
				CODE_SIGN_STYLE = Automatic;
				DEVELOPMENT_TEAM = 5TQK265AXN;
				INFOPLIST_FILE = "NIBM Covid 19UITests/Info.plist";
				LD_RUNPATH_SEARCH_PATHS = (
					"$(inherited)",
					"@executable_path/Frameworks",
					"@loader_path/Frameworks",
				);
				PRODUCT_BUNDLE_IDENTIFIER = "Buddhimal-cobsccomp191p-034.NIBM-Covid-19UITests";
				PRODUCT_NAME = "$(TARGET_NAME)";
				SWIFT_VERSION = 5.0;
				TARGETED_DEVICE_FAMILY = "1,2";
				TEST_TARGET_NAME = "NIBM Covid 19";
			};
			name = Debug;
		};
		27E0F0162507DF1C00F7C807 /* Release */ = {
			isa = XCBuildConfiguration;
			baseConfigurationReference = 25EF32440991B0866F842690 /* Pods-NIBM Covid 19-NIBM Covid 19UITests.release.xcconfig */;
			buildSettings = {
				ALWAYS_EMBED_SWIFT_STANDARD_LIBRARIES = YES;
				CODE_SIGN_STYLE = Automatic;
				DEVELOPMENT_TEAM = 5TQK265AXN;
				INFOPLIST_FILE = "NIBM Covid 19UITests/Info.plist";
				LD_RUNPATH_SEARCH_PATHS = (
					"$(inherited)",
					"@executable_path/Frameworks",
					"@loader_path/Frameworks",
				);
				PRODUCT_BUNDLE_IDENTIFIER = "Buddhimal-cobsccomp191p-034.NIBM-Covid-19UITests";
				PRODUCT_NAME = "$(TARGET_NAME)";
				SWIFT_VERSION = 5.0;
				TARGETED_DEVICE_FAMILY = "1,2";
				TEST_TARGET_NAME = "NIBM Covid 19";
			};
			name = Release;
		};
/* End XCBuildConfiguration section */

/* Begin XCConfigurationList section */
		27E0EFDF2507DF1800F7C807 /* Build configuration list for PBXProject "NIBM Covid 19" */ = {
			isa = XCConfigurationList;
			buildConfigurations = (
				27E0F00C2507DF1C00F7C807 /* Debug */,
				27E0F00D2507DF1C00F7C807 /* Release */,
			);
			defaultConfigurationIsVisible = 0;
			defaultConfigurationName = Release;
		};
		27E0F00E2507DF1C00F7C807 /* Build configuration list for PBXNativeTarget "NIBM Covid 19" */ = {
			isa = XCConfigurationList;
			buildConfigurations = (
				27E0F00F2507DF1C00F7C807 /* Debug */,
				27E0F0102507DF1C00F7C807 /* Release */,
			);
			defaultConfigurationIsVisible = 0;
			defaultConfigurationName = Release;
		};
		27E0F0112507DF1C00F7C807 /* Build configuration list for PBXNativeTarget "NIBM Covid 19Tests" */ = {
			isa = XCConfigurationList;
			buildConfigurations = (
				27E0F0122507DF1C00F7C807 /* Debug */,
				27E0F0132507DF1C00F7C807 /* Release */,
			);
			defaultConfigurationIsVisible = 0;
			defaultConfigurationName = Release;
		};
		27E0F0142507DF1C00F7C807 /* Build configuration list for PBXNativeTarget "NIBM Covid 19UITests" */ = {
			isa = XCConfigurationList;
			buildConfigurations = (
				27E0F0152507DF1C00F7C807 /* Debug */,
				27E0F0162507DF1C00F7C807 /* Release */,
			);
			defaultConfigurationIsVisible = 0;
			defaultConfigurationName = Release;
		};
/* End XCConfigurationList section */
	};
	rootObject = 27E0EFDC2507DF1800F7C807 /* Project object */;
}
